
Microsoft Visual Studio Solution File, Format Version 12.00
# Visual Studio 2013
VisualStudioVersion = 12.0.31101.0
MinimumVisualStudioVersion = 10.0.40219.1
Project("{FAE04EC0-301F-11D3-BF4B-00C04F79EFBC}") = "Testes", "test\Testes\Testes.csproj", "{91747294-1D2B-41E7-93E8-5728B930F3D0}"
EndProject
Project("{2150E333-8FDC-42A3-9474-1A3956D46DE8}") = ".nuget", ".nuget", "{353BA86E-2AF1-4361-9C59-66D5AD5464B2}"
	ProjectSection(SolutionItems) = preProject
		.nuget\packages.config = .nuget\packages.config
	EndProjectSection
EndProject
Project("{FAE04EC0-301F-11D3-BF4B-00C04F79EFBC}") = "Interfaces", "Interfaces\Interfaces.csproj", "{3A6C3E39-9EF0-48E6-879B-DFA137D16100}"
EndProject
Project("{FAE04EC0-301F-11D3-BF4B-00C04F79EFBC}") = "Implementacoes", "Implementacoes\Implementacoes.csproj", "{D74BB36D-5624-419C-8EB1-E7199C52DABB}"
EndProject
Project("{FAE04EC0-301F-11D3-BF4B-00C04F79EFBC}") = "SiteMvc", "SiteMvc\SiteMvc.csproj", "{CC994DDE-0134-4547-BEB3-7E9E45E88B80}"
EndProject
Global
	GlobalSection(SolutionConfigurationPlatforms) = preSolution
		Debug|Any CPU = Debug|Any CPU
		Release|Any CPU = Release|Any CPU
	EndGlobalSection
	GlobalSection(ProjectConfigurationPlatforms) = postSolution
		{91747294-1D2B-41E7-93E8-5728B930F3D0}.Debug|Any CPU.ActiveCfg = Debug|Any CPU
		{91747294-1D2B-41E7-93E8-5728B930F3D0}.Debug|Any CPU.Build.0 = Debug|Any CPU
		{91747294-1D2B-41E7-93E8-5728B930F3D0}.Release|Any CPU.ActiveCfg = Release|Any CPU
		{91747294-1D2B-41E7-93E8-5728B930F3D0}.Release|Any CPU.Build.0 = Release|Any CPU
		{3A6C3E39-9EF0-48E6-879B-DFA137D16100}.Debug|Any CPU.ActiveCfg = Debug|Any CPU
		{3A6C3E39-9EF0-48E6-879B-DFA137D16100}.Debug|Any CPU.Build.0 = Debug|Any CPU
		{3A6C3E39-9EF0-48E6-879B-DFA137D16100}.Release|Any CPU.ActiveCfg = Release|Any CPU
		{3A6C3E39-9EF0-48E6-879B-DFA137D16100}.Release|Any CPU.Build.0 = Release|Any CPU
		{D74BB36D-5624-419C-8EB1-E7199C52DABB}.Debug|Any CPU.ActiveCfg = Debug|Any CPU
		{D74BB36D-5624-419C-8EB1-E7199C52DABB}.Debug|Any CPU.Build.0 = Debug|Any CPU
		{D74BB36D-5624-419C-8EB1-E7199C52DABB}.Release|Any CPU.ActiveCfg = Release|Any CPU
		{D74BB36D-5624-419C-8EB1-E7199C52DABB}.Release|Any CPU.Build.0 = Release|Any CPU
		{CC994DDE-0134-4547-BEB3-7E9E45E88B80}.Debug|Any CPU.ActiveCfg = Debug|Any CPU
		{CC994DDE-0134-4547-BEB3-7E9E45E88B80}.Debug|Any CPU.Build.0 = Debug|Any CPU
		{CC994DDE-0134-4547-BEB3-7E9E45E88B80}.Release|Any CPU.ActiveCfg = Release|Any CPU
		{CC994DDE-0134-4547-BEB3-7E9E45E88B80}.Release|Any CPU.Build.0 = Release|Any CPU
	EndGlobalSection
	GlobalSection(SolutionProperties) = preSolution
		HideSolutionNode = FALSE
	EndGlobalSection
EndGlobal
